
Microsoft Visual Studio Solution File, Format Version 12.00
# Visual Studio Version 16
VisualStudioVersion = 16.0.33423.256
MinimumVisualStudioVersion = 10.0.40219.1
Project("{FAE04EC0-301F-11D3-BF4B-00C04F79EFBC}") = "Student_Management_System", "Student_Management_System\Student_Management_System.csproj", "{5A8343A1-E5BF-40C9-BA0D-34C4E47EA015}"
EndProject
Global
	GlobalSection(SolutionConfigurationPlatforms) = preSolution
		Debug|Any CPU = Debug|Any CPU
		Release|Any CPU = Release|Any CPU
	EndGlobalSection
	GlobalSection(ProjectConfigurationPlatforms) = postSolution
		{5A8343A1-E5BF-40C9-BA0D-34C4E47EA015}.Debug|Any CPU.ActiveCfg = Debug|Any CPU
		{5A8343A1-E5BF-40C9-BA0D-34C4E47EA015}.Debug|Any CPU.Build.0 = Debug|Any CPU
		{5A8343A1-E5BF-40C9-BA0D-34C4E47EA015}.Release|Any CPU.ActiveCfg = Release|Any CPU
		{5A8343A1-E5BF-40C9-BA0D-34C4E47EA015}.Release|Any CPU.Build.0 = Release|Any CPU
	EndGlobalSection
	GlobalSection(SolutionProperties) = preSolution
		HideSolutionNode = FALSE
	EndGlobalSection
	GlobalSection(ExtensibilityGlobals) = postSolution
		SolutionGuid = {D0CC33FE-46FF-4BC6-8BBC-A284E41896FC}
	EndGlobalSection
EndGlobal
